
Microsoft Visual Studio Solution File, Format Version 12.00
# Visual Studio Version 17
VisualStudioVersion = 17.6.33815.320
MinimumVisualStudioVersion = 10.0.40219.1
Project("{9A19103F-16F7-4668-BE54-9A1E7A4F7556}") = "QuizMaker", "QuizMaker\QuizMaker.csproj", "{AD42A405-9C4A-4AD6-BBC4-9EE1811F367D}"
	ProjectSection(ProjectDependencies) = postProject
		{6CE9A97D-4559-43F9-BB1C-F6D10FA80123} = {6CE9A97D-4559-43F9-BB1C-F6D10FA80123}
	EndProjectSection
EndProject
Project("{9A19103F-16F7-4668-BE54-9A1E7A4F7556}") = "QuizMaker.Model", "QuizMaker.Model\QuizMaker.Model.csproj", "{2B4792BA-E90F-4910-8A9F-71B14DCE4CF7}"
EndProject
Project("{FAE04EC0-301F-11D3-BF4B-00C04F79EFBC}") = "QuizMaker.Export", "QuizMaker.Export\QuizMaker.Export.csproj", "{6CE9A97D-4559-43F9-BB1C-F6D10FA80123}"
EndProject
Global
	GlobalSection(SolutionConfigurationPlatforms) = preSolution
		Debug|Any CPU = Debug|Any CPU
		Release|Any CPU = Release|Any CPU
	EndGlobalSection
	GlobalSection(ProjectConfigurationPlatforms) = postSolution
		{AD42A405-9C4A-4AD6-BBC4-9EE1811F367D}.Debug|Any CPU.ActiveCfg = Debug|Any CPU
		{AD42A405-9C4A-4AD6-BBC4-9EE1811F367D}.Debug|Any CPU.Build.0 = Debug|Any CPU
		{AD42A405-9C4A-4AD6-BBC4-9EE1811F367D}.Release|Any CPU.ActiveCfg = Release|Any CPU
		{AD42A405-9C4A-4AD6-BBC4-9EE1811F367D}.Release|Any CPU.Build.0 = Release|Any CPU
		{2B4792BA-E90F-4910-8A9F-71B14DCE4CF7}.Debug|Any CPU.ActiveCfg = Debug|Any CPU
		{2B4792BA-E90F-4910-8A9F-71B14DCE4CF7}.Debug|Any CPU.Build.0 = Debug|Any CPU
		{2B4792BA-E90F-4910-8A9F-71B14DCE4CF7}.Release|Any CPU.ActiveCfg = Release|Any CPU
		{2B4792BA-E90F-4910-8A9F-71B14DCE4CF7}.Release|Any CPU.Build.0 = Release|Any CPU
		{6CE9A97D-4559-43F9-BB1C-F6D10FA80123}.Debug|Any CPU.ActiveCfg = Debug|Any CPU
		{6CE9A97D-4559-43F9-BB1C-F6D10FA80123}.Debug|Any CPU.Build.0 = Debug|Any CPU
		{6CE9A97D-4559-43F9-BB1C-F6D10FA80123}.Release|Any CPU.ActiveCfg = Release|Any CPU
		{6CE9A97D-4559-43F9-BB1C-F6D10FA80123}.Release|Any CPU.Build.0 = Release|Any CPU
	EndGlobalSection
	GlobalSection(SolutionProperties) = preSolution
		HideSolutionNode = FALSE
	EndGlobalSection
	GlobalSection(ExtensibilityGlobals) = postSolution
		SolutionGuid = {FDC19D9E-C5CB-4ED4-93A5-59E2388F1864}
	EndGlobalSection
EndGlobal
